// !$*UTF8*$!
{
	archiveVersion = 1;
	classes = {
	};
	objectVersion = 56;
	objects = {

/* Begin PBXBuildFile section */
		945D83082A9C8323007DAB75 /* AppDelegate.swift in Sources */ = {isa = PBXBuildFile; fileRef = 945D83072A9C8323007DAB75 /* AppDelegate.swift */; };
		945D830A2A9C8323007DAB75 /* SceneDelegate.swift in Sources */ = {isa = PBXBuildFile; fileRef = 945D83092A9C8323007DAB75 /* SceneDelegate.swift */; };
		945D830C2A9C8323007DAB75 /* MainViewController.swift in Sources */ = {isa = PBXBuildFile; fileRef = 945D830B2A9C8323007DAB75 /* MainViewController.swift */; };
		945D83112A9C8323007DAB75 /* Assets.xcassets in Resources */ = {isa = PBXBuildFile; fileRef = 945D83102A9C8323007DAB75 /* Assets.xcassets */; };
		945D83142A9C8323007DAB75 /* LaunchScreen.storyboard in Resources */ = {isa = PBXBuildFile; fileRef = 945D83122A9C8323007DAB75 /* LaunchScreen.storyboard */; };
		945D831C2A9C832F007DAB75 /* .gitignore in Resources */ = {isa = PBXBuildFile; fileRef = 945D831B2A9C832F007DAB75 /* .gitignore */; };
		945D831F2A9C889D007DAB75 /* Constants.swift in Sources */ = {isa = PBXBuildFile; fileRef = 945D831E2A9C889D007DAB75 /* Constants.swift */; };
		945D83252A9C8A07007DAB75 /* CollectionView.swift in Sources */ = {isa = PBXBuildFile; fileRef = 945D83232A9C8A07007DAB75 /* CollectionView.swift */; };
		945D83292A9C8A3F007DAB75 /* SnapKit in Frameworks */ = {isa = PBXBuildFile; productRef = 945D83282A9C8A3F007DAB75 /* SnapKit */; };
		945D832B2A9C8C18007DAB75 /* HeaderSectionView.swift in Sources */ = {isa = PBXBuildFile; fileRef = 945D832A2A9C8C18007DAB75 /* HeaderSectionView.swift */; };
		945D832E2A9C9BCE007DAB75 /* ThemesCollectionCell.swift in Sources */ = {isa = PBXBuildFile; fileRef = 945D832D2A9C9BCE007DAB75 /* ThemesCollectionCell.swift */; };
		945D83322A9CA688007DAB75 /* ThemeModel.swift in Sources */ = {isa = PBXBuildFile; fileRef = 945D83312A9CA688007DAB75 /* ThemeModel.swift */; };
		945D83352A9CA7BE007DAB75 /* DataBase.swift in Sources */ = {isa = PBXBuildFile; fileRef = 945D83342A9CA7BE007DAB75 /* DataBase.swift */; };
		945D83382A9CABC8007DAB75 /* RandomMaqalCell.swift in Sources */ = {isa = PBXBuildFile; fileRef = 945D83372A9CABC8007DAB75 /* RandomMaqalCell.swift */; };
		945D833C2A9CBB57007DAB75 /* SupportCell.swift in Sources */ = {isa = PBXBuildFile; fileRef = 945D833B2A9CBB57007DAB75 /* SupportCell.swift */; };
		945D83402A9CD31F007DAB75 /* SupportView.swift in Sources */ = {isa = PBXBuildFile; fileRef = 945D833F2A9CD31F007DAB75 /* SupportView.swift */; };
		945D83432A9DF101007DAB75 /* MaqalViewController.swift in Sources */ = {isa = PBXBuildFile; fileRef = 945D83422A9DF101007DAB75 /* MaqalViewController.swift */; };
		945D83472A9DF1E2007DAB75 /* MaqalCell.swift in Sources */ = {isa = PBXBuildFile; fileRef = 945D83462A9DF1E2007DAB75 /* MaqalCell.swift */; };
		945D834A2A9DF27F007DAB75 /* MaqalModel.swift in Sources */ = {isa = PBXBuildFile; fileRef = 945D83492A9DF27F007DAB75 /* MaqalModel.swift */; };
		945D834E2A9E02C5007DAB75 /* SearchViewController.swift in Sources */ = {isa = PBXBuildFile; fileRef = 945D834D2A9E02C5007DAB75 /* SearchViewController.swift */; };
		946F6E232AA1E0A8002A5AB3 /* AboutUsController.swift in Sources */ = {isa = PBXBuildFile; fileRef = 946F6E222AA1E0A8002A5AB3 /* AboutUsController.swift */; };
/* End PBXBuildFile section */

/* Begin PBXFileReference section */
		945D83042A9C8323007DAB75 /* Maqal.app */ = {isa = PBXFileReference; explicitFileType = wrapper.application; includeInIndex = 0; path = Maqal.app; sourceTree = BUILT_PRODUCTS_DIR; };
		945D83072A9C8323007DAB75 /* AppDelegate.swift */ = {isa = PBXFileReference; lastKnownFileType = sourcecode.swift; path = AppDelegate.swift; sourceTree = "<group>"; };
		945D83092A9C8323007DAB75 /* SceneDelegate.swift */ = {isa = PBXFileReference; lastKnownFileType = sourcecode.swift; path = SceneDelegate.swift; sourceTree = "<group>"; };
		945D830B2A9C8323007DAB75 /* MainViewController.swift */ = {isa = PBXFileReference; lastKnownFileType = sourcecode.swift; path = MainViewController.swift; sourceTree = "<group>"; };
		945D83102A9C8323007DAB75 /* Assets.xcassets */ = {isa = PBXFileReference; lastKnownFileType = folder.assetcatalog; path = Assets.xcassets; sourceTree = "<group>"; };
		945D83132A9C8323007DAB75 /* Base */ = {isa = PBXFileReference; lastKnownFileType = file.storyboard; name = Base; path = Base.lproj/LaunchScreen.storyboard; sourceTree = "<group>"; };
		945D83152A9C8323007DAB75 /* Info.plist */ = {isa = PBXFileReference; lastKnownFileType = text.plist.xml; path = Info.plist; sourceTree = "<group>"; };
		945D831B2A9C832F007DAB75 /* .gitignore */ = {isa = PBXFileReference; lastKnownFileType = text; path = .gitignore; sourceTree = "<group>"; };
		945D831E2A9C889D007DAB75 /* Constants.swift */ = {isa = PBXFileReference; lastKnownFileType = sourcecode.swift; path = Constants.swift; sourceTree = "<group>"; };
		945D83232A9C8A07007DAB75 /* CollectionView.swift */ = {isa = PBXFileReference; lastKnownFileType = sourcecode.swift; path = CollectionView.swift; sourceTree = "<group>"; };
		945D832A2A9C8C18007DAB75 /* HeaderSectionView.swift */ = {isa = PBXFileReference; lastKnownFileType = sourcecode.swift; path = HeaderSectionView.swift; sourceTree = "<group>"; };
		945D832D2A9C9BCE007DAB75 /* ThemesCollectionCell.swift */ = {isa = PBXFileReference; lastKnownFileType = sourcecode.swift; path = ThemesCollectionCell.swift; sourceTree = "<group>"; };
		945D83312A9CA688007DAB75 /* ThemeModel.swift */ = {isa = PBXFileReference; lastKnownFileType = sourcecode.swift; path = ThemeModel.swift; sourceTree = "<group>"; };
		945D83342A9CA7BE007DAB75 /* DataBase.swift */ = {isa = PBXFileReference; lastKnownFileType = sourcecode.swift; path = DataBase.swift; sourceTree = "<group>"; };
		945D83372A9CABC8007DAB75 /* RandomMaqalCell.swift */ = {isa = PBXFileReference; lastKnownFileType = sourcecode.swift; path = RandomMaqalCell.swift; sourceTree = "<group>"; };
		945D833B2A9CBB57007DAB75 /* SupportCell.swift */ = {isa = PBXFileReference; lastKnownFileType = sourcecode.swift; path = SupportCell.swift; sourceTree = "<group>"; };
		945D833F2A9CD31F007DAB75 /* SupportView.swift */ = {isa = PBXFileReference; lastKnownFileType = sourcecode.swift; path = SupportView.swift; sourceTree = "<group>"; };
		945D83422A9DF101007DAB75 /* MaqalViewController.swift */ = {isa = PBXFileReference; lastKnownFileType = sourcecode.swift; path = MaqalViewController.swift; sourceTree = "<group>"; };
		945D83462A9DF1E2007DAB75 /* MaqalCell.swift */ = {isa = PBXFileReference; lastKnownFileType = sourcecode.swift; path = MaqalCell.swift; sourceTree = "<group>"; };
		945D83492A9DF27F007DAB75 /* MaqalModel.swift */ = {isa = PBXFileReference; lastKnownFileType = sourcecode.swift; path = MaqalModel.swift; sourceTree = "<group>"; };
		945D834D2A9E02C5007DAB75 /* SearchViewController.swift */ = {isa = PBXFileReference; lastKnownFileType = sourcecode.swift; path = SearchViewController.swift; sourceTree = "<group>"; };
		946F6E222AA1E0A8002A5AB3 /* AboutUsController.swift */ = {isa = PBXFileReference; lastKnownFileType = sourcecode.swift; path = AboutUsController.swift; sourceTree = "<group>"; };
/* End PBXFileReference section */

/* Begin PBXFrameworksBuildPhase section */
		945D83012A9C8323007DAB75 /* Frameworks */ = {
			isa = PBXFrameworksBuildPhase;
			buildActionMask = 2147483647;
			files = (
				945D83292A9C8A3F007DAB75 /* SnapKit in Frameworks */,
			);
			runOnlyForDeploymentPostprocessing = 0;
		};
/* End PBXFrameworksBuildPhase section */

/* Begin PBXGroup section */
		945D82FB2A9C8323007DAB75 = {
			isa = PBXGroup;
			children = (
				945D831B2A9C832F007DAB75 /* .gitignore */,
				945D83062A9C8323007DAB75 /* Maqal */,
				945D83052A9C8323007DAB75 /* Products */,
			);
			sourceTree = "<group>";
		};
		945D83052A9C8323007DAB75 /* Products */ = {
			isa = PBXGroup;
			children = (
				945D83042A9C8323007DAB75 /* Maqal.app */,
			);
			name = Products;
			sourceTree = "<group>";
		};
		945D83062A9C8323007DAB75 /* Maqal */ = {
			isa = PBXGroup;
			children = (
				945D83332A9CA7AE007DAB75 /* Application */,
				945D831D2A9C866E007DAB75 /* Support files */,
			);
			path = Maqal;
			sourceTree = "<group>";
		};
		945D831D2A9C866E007DAB75 /* Support files */ = {
			isa = PBXGroup;
			children = (
				945D831E2A9C889D007DAB75 /* Constants.swift */,
				945D83072A9C8323007DAB75 /* AppDelegate.swift */,
				945D83092A9C8323007DAB75 /* SceneDelegate.swift */,
				945D83102A9C8323007DAB75 /* Assets.xcassets */,
				945D83122A9C8323007DAB75 /* LaunchScreen.storyboard */,
				945D83152A9C8323007DAB75 /* Info.plist */,
			);
			path = "Support files";
			sourceTree = "<group>";
		};
		945D83202A9C89B9007DAB75 /* Controller */ = {
			isa = PBXGroup;
			children = (
				945D830B2A9C8323007DAB75 /* MainViewController.swift */,
				945D834D2A9E02C5007DAB75 /* SearchViewController.swift */,
			);
			path = Controller;
			sourceTree = "<group>";
		};
		945D83212A9C89C1007DAB75 /* View */ = {
			isa = PBXGroup;
			children = (
				945D832A2A9C8C18007DAB75 /* HeaderSectionView.swift */,
			);
			path = View;
			sourceTree = "<group>";
		};
		945D83222A9C89D2007DAB75 /* MainScreen */ = {
			isa = PBXGroup;
			children = (
				945D83202A9C89B9007DAB75 /* Controller */,
				945D83212A9C89C1007DAB75 /* View */,
				945D832C2A9C98D6007DAB75 /* MaqalThemes */,
				945D83362A9CABA6007DAB75 /* RandomMaqal */,
				945D833A2A9CBB18007DAB75 /* ProjectSupport */,
			);
			path = MainScreen;
			sourceTree = "<group>";
		};
		945D832C2A9C98D6007DAB75 /* MaqalThemes */ = {
			isa = PBXGroup;
			children = (
				945D834B2A9E0281007DAB75 /* Controller */,
				945D83302A9CA676007DAB75 /* Model */,
				945D832F2A9CA672007DAB75 /* View */,
			);
			path = MaqalThemes;
			sourceTree = "<group>";
		};
		945D832F2A9CA672007DAB75 /* View */ = {
			isa = PBXGroup;
			children = (
				945D832D2A9C9BCE007DAB75 /* ThemesCollectionCell.swift */,
			);
			path = View;
			sourceTree = "<group>";
		};
		945D83302A9CA676007DAB75 /* Model */ = {
			isa = PBXGroup;
			children = (
				945D83312A9CA688007DAB75 /* ThemeModel.swift */,
			);
			path = Model;
			sourceTree = "<group>";
		};
		945D83332A9CA7AE007DAB75 /* Application */ = {
			isa = PBXGroup;
			children = (
				945D83342A9CA7BE007DAB75 /* DataBase.swift */,
				945D83222A9C89D2007DAB75 /* MainScreen */,
				945D83412A9DEBB8007DAB75 /* MaqalTableView */,
			);
			path = Application;
			sourceTree = "<group>";
		};
		945D83362A9CABA6007DAB75 /* RandomMaqal */ = {
			isa = PBXGroup;
			children = (
				945D83392A9CABE9007DAB75 /* View */,
			);
			path = RandomMaqal;
			sourceTree = "<group>";
		};
		945D83392A9CABE9007DAB75 /* View */ = {
			isa = PBXGroup;
			children = (
				945D83372A9CABC8007DAB75 /* RandomMaqalCell.swift */,
			);
			path = View;
			sourceTree = "<group>";
		};
		945D833A2A9CBB18007DAB75 /* ProjectSupport */ = {
			isa = PBXGroup;
			children = (
				945D833D2A9CBCA3007DAB75 /* View */,
				945D833E2A9CD303007DAB75 /* Controller */,
			);
			path = ProjectSupport;
			sourceTree = "<group>";
		};
		945D833D2A9CBCA3007DAB75 /* View */ = {
			isa = PBXGroup;
			children = (
				945D833B2A9CBB57007DAB75 /* SupportCell.swift */,
			);
			path = View;
			sourceTree = "<group>";
		};
		945D833E2A9CD303007DAB75 /* Controller */ = {
			isa = PBXGroup;
			children = (
				945D833F2A9CD31F007DAB75 /* SupportView.swift */,
				946F6E222AA1E0A8002A5AB3 /* AboutUsController.swift */,
			);
			path = Controller;
			sourceTree = "<group>";
		};
		945D83412A9DEBB8007DAB75 /* MaqalTableView */ = {
			isa = PBXGroup;
			children = (
				945D83482A9DF275007DAB75 /* Model */,
				945D83442A9DF1CA007DAB75 /* Controller */,
				945D83452A9DF1D1007DAB75 /* View */,
			);
			path = MaqalTableView;
			sourceTree = "<group>";
		};
		945D83442A9DF1CA007DAB75 /* Controller */ = {
			isa = PBXGroup;
			children = (
				945D83422A9DF101007DAB75 /* MaqalViewController.swift */,
			);
			path = Controller;
			sourceTree = "<group>";
		};
		945D83452A9DF1D1007DAB75 /* View */ = {
			isa = PBXGroup;
			children = (
				945D83462A9DF1E2007DAB75 /* MaqalCell.swift */,
			);
			path = View;
			sourceTree = "<group>";
		};
		945D83482A9DF275007DAB75 /* Model */ = {
			isa = PBXGroup;
			children = (
				945D83492A9DF27F007DAB75 /* MaqalModel.swift */,
			);
			path = Model;
			sourceTree = "<group>";
		};
		945D834B2A9E0281007DAB75 /* Controller */ = {
			isa = PBXGroup;
			children = (
				945D83232A9C8A07007DAB75 /* CollectionView.swift */,
			);
			path = Controller;
			sourceTree = "<group>";
		};
/* End PBXGroup section */

/* Begin PBXNativeTarget section */
		945D83032A9C8323007DAB75 /* Maqal */ = {
			isa = PBXNativeTarget;
			buildConfigurationList = 945D83182A9C8323007DAB75 /* Build configuration list for PBXNativeTarget "Maqal" */;
			buildPhases = (
				945D83002A9C8323007DAB75 /* Sources */,
				945D83012A9C8323007DAB75 /* Frameworks */,
				945D83022A9C8323007DAB75 /* Resources */,
			);
			buildRules = (
			);
			dependencies = (
			);
			name = Maqal;
			packageProductDependencies = (
				945D83282A9C8A3F007DAB75 /* SnapKit */,
			);
			productName = Maqal;
			productReference = 945D83042A9C8323007DAB75 /* Maqal.app */;
			productType = "com.apple.product-type.application";
		};
/* End PBXNativeTarget section */

/* Begin PBXProject section */
		945D82FC2A9C8323007DAB75 /* Project object */ = {
			isa = PBXProject;
			attributes = {
				BuildIndependentTargetsInParallel = 1;
				LastSwiftUpdateCheck = 1430;
				LastUpgradeCheck = 1430;
				TargetAttributes = {
					945D83032A9C8323007DAB75 = {
						CreatedOnToolsVersion = 14.3.1;
					};
				};
			};
			buildConfigurationList = 945D82FF2A9C8323007DAB75 /* Build configuration list for PBXProject "Maqal" */;
			compatibilityVersion = "Xcode 14.0";
			developmentRegion = en;
			hasScannedForEncodings = 0;
			knownRegions = (
				en,
				Base,
			);
			mainGroup = 945D82FB2A9C8323007DAB75;
			packageReferences = (
				945D83272A9C8A3F007DAB75 /* XCRemoteSwiftPackageReference "SnapKit" */,
			);
			productRefGroup = 945D83052A9C8323007DAB75 /* Products */;
			projectDirPath = "";
			projectRoot = "";
			targets = (
				945D83032A9C8323007DAB75 /* Maqal */,
			);
		};
/* End PBXProject section */

/* Begin PBXResourcesBuildPhase section */
		945D83022A9C8323007DAB75 /* Resources */ = {
			isa = PBXResourcesBuildPhase;
			buildActionMask = 2147483647;
			files = (
				945D831C2A9C832F007DAB75 /* .gitignore in Resources */,
				945D83142A9C8323007DAB75 /* LaunchScreen.storyboard in Resources */,
				945D83112A9C8323007DAB75 /* Assets.xcassets in Resources */,
			);
			runOnlyForDeploymentPostprocessing = 0;
		};
/* End PBXResourcesBuildPhase section */

/* Begin PBXSourcesBuildPhase section */
		945D83002A9C8323007DAB75 /* Sources */ = {
			isa = PBXSourcesBuildPhase;
			buildActionMask = 2147483647;
			files = (
				945D830C2A9C8323007DAB75 /* MainViewController.swift in Sources */,
				945D833C2A9CBB57007DAB75 /* SupportCell.swift in Sources */,
				945D83082A9C8323007DAB75 /* AppDelegate.swift in Sources */,
				945D830A2A9C8323007DAB75 /* SceneDelegate.swift in Sources */,
				945D834A2A9DF27F007DAB75 /* MaqalModel.swift in Sources */,
				945D832B2A9C8C18007DAB75 /* HeaderSectionView.swift in Sources */,
				945D83352A9CA7BE007DAB75 /* DataBase.swift in Sources */,
				945D83472A9DF1E2007DAB75 /* MaqalCell.swift in Sources */,
				945D83432A9DF101007DAB75 /* MaqalViewController.swift in Sources */,
				945D83402A9CD31F007DAB75 /* SupportView.swift in Sources */,
				945D834E2A9E02C5007DAB75 /* SearchViewController.swift in Sources */,
				945D83382A9CABC8007DAB75 /* RandomMaqalCell.swift in Sources */,
				946F6E232AA1E0A8002A5AB3 /* AboutUsController.swift in Sources */,
				945D832E2A9C9BCE007DAB75 /* ThemesCollectionCell.swift in Sources */,
				945D831F2A9C889D007DAB75 /* Constants.swift in Sources */,
				945D83252A9C8A07007DAB75 /* CollectionView.swift in Sources */,
				945D83322A9CA688007DAB75 /* ThemeModel.swift in Sources */,
			);
			runOnlyForDeploymentPostprocessing = 0;
		};
/* End PBXSourcesBuildPhase section */

/* Begin PBXVariantGroup section */
		945D83122A9C8323007DAB75 /* LaunchScreen.storyboard */ = {
			isa = PBXVariantGroup;
			children = (
				945D83132A9C8323007DAB75 /* Base */,
			);
			name = LaunchScreen.storyboard;
			sourceTree = "<group>";
		};
/* End PBXVariantGroup section */

/* Begin XCBuildConfiguration section */
		945D83162A9C8323007DAB75 /* Debug */ = {
			isa = XCBuildConfiguration;
			buildSettings = {
				ALWAYS_SEARCH_USER_PATHS = NO;
				CLANG_ANALYZER_NONNULL = YES;
				CLANG_ANALYZER_NUMBER_OBJECT_CONVERSION = YES_AGGRESSIVE;
				CLANG_CXX_LANGUAGE_STANDARD = "gnu++20";
				CLANG_ENABLE_MODULES = YES;
				CLANG_ENABLE_OBJC_ARC = YES;
				CLANG_ENABLE_OBJC_WEAK = YES;
				CLANG_WARN_BLOCK_CAPTURE_AUTORELEASING = YES;
				CLANG_WARN_BOOL_CONVERSION = YES;
				CLANG_WARN_COMMA = YES;
				CLANG_WARN_CONSTANT_CONVERSION = YES;
				CLANG_WARN_DEPRECATED_OBJC_IMPLEMENTATIONS = YES;
				CLANG_WARN_DIRECT_OBJC_ISA_USAGE = YES_ERROR;
				CLANG_WARN_DOCUMENTATION_COMMENTS = YES;
				CLANG_WARN_EMPTY_BODY = YES;
				CLANG_WARN_ENUM_CONVERSION = YES;
				CLANG_WARN_INFINITE_RECURSION = YES;
				CLANG_WARN_INT_CONVERSION = YES;
				CLANG_WARN_NON_LITERAL_NULL_CONVERSION = YES;
				CLANG_WARN_OBJC_IMPLICIT_RETAIN_SELF = YES;
				CLANG_WARN_OBJC_LITERAL_CONVERSION = YES;
				CLANG_WARN_OBJC_ROOT_CLASS = YES_ERROR;
				CLANG_WARN_QUOTED_INCLUDE_IN_FRAMEWORK_HEADER = YES;
				CLANG_WARN_RANGE_LOOP_ANALYSIS = YES;
				CLANG_WARN_STRICT_PROTOTYPES = YES;
				CLANG_WARN_SUSPICIOUS_MOVE = YES;
				CLANG_WARN_UNGUARDED_AVAILABILITY = YES_AGGRESSIVE;
				CLANG_WARN_UNREACHABLE_CODE = YES;
				CLANG_WARN__DUPLICATE_METHOD_MATCH = YES;
				COPY_PHASE_STRIP = NO;
				DEBUG_INFORMATION_FORMAT = dwarf;
				ENABLE_STRICT_OBJC_MSGSEND = YES;
				ENABLE_TESTABILITY = YES;
				GCC_C_LANGUAGE_STANDARD = gnu11;
				GCC_DYNAMIC_NO_PIC = NO;
				GCC_NO_COMMON_BLOCKS = YES;
				GCC_OPTIMIZATION_LEVEL = 0;
				GCC_PREPROCESSOR_DEFINITIONS = (
					"DEBUG=1",
					"$(inherited)",
				);
				GCC_WARN_64_TO_32_BIT_CONVERSION = YES;
				GCC_WARN_ABOUT_RETURN_TYPE = YES_ERROR;
				GCC_WARN_UNDECLARED_SELECTOR = YES;
				GCC_WARN_UNINITIALIZED_AUTOS = YES_AGGRESSIVE;
				GCC_WARN_UNUSED_FUNCTION = YES;
				GCC_WARN_UNUSED_VARIABLE = YES;
				IPHONEOS_DEPLOYMENT_TARGET = 16.4;
				MTL_ENABLE_DEBUG_INFO = INCLUDE_SOURCE;
				MTL_FAST_MATH = YES;
				ONLY_ACTIVE_ARCH = YES;
				SDKROOT = iphoneos;
				SWIFT_ACTIVE_COMPILATION_CONDITIONS = DEBUG;
				SWIFT_OPTIMIZATION_LEVEL = "-Onone";
			};
			name = Debug;
		};
		945D83172A9C8323007DAB75 /* Release */ = {
			isa = XCBuildConfiguration;
			buildSettings = {
				ALWAYS_SEARCH_USER_PATHS = NO;
				CLANG_ANALYZER_NONNULL = YES;
				CLANG_ANALYZER_NUMBER_OBJECT_CONVERSION = YES_AGGRESSIVE;
				CLANG_CXX_LANGUAGE_STANDARD = "gnu++20";
				CLANG_ENABLE_MODULES = YES;
				CLANG_ENABLE_OBJC_ARC = YES;
				CLANG_ENABLE_OBJC_WEAK = YES;
				CLANG_WARN_BLOCK_CAPTURE_AUTORELEASING = YES;
				CLANG_WARN_BOOL_CONVERSION = YES;
				CLANG_WARN_COMMA = YES;
				CLANG_WARN_CONSTANT_CONVERSION = YES;
				CLANG_WARN_DEPRECATED_OBJC_IMPLEMENTATIONS = YES;
				CLANG_WARN_DIRECT_OBJC_ISA_USAGE = YES_ERROR;
				CLANG_WARN_DOCUMENTATION_COMMENTS = YES;
				CLANG_WARN_EMPTY_BODY = YES;
				CLANG_WARN_ENUM_CONVERSION = YES;
				CLANG_WARN_INFINITE_RECURSION = YES;
				CLANG_WARN_INT_CONVERSION = YES;
				CLANG_WARN_NON_LITERAL_NULL_CONVERSION = YES;
				CLANG_WARN_OBJC_IMPLICIT_RETAIN_SELF = YES;
				CLANG_WARN_OBJC_LITERAL_CONVERSION = YES;
				CLANG_WARN_OBJC_ROOT_CLASS = YES_ERROR;
				CLANG_WARN_QUOTED_INCLUDE_IN_FRAMEWORK_HEADER = YES;
				CLANG_WARN_RANGE_LOOP_ANALYSIS = YES;
				CLANG_WARN_STRICT_PROTOTYPES = YES;
				CLANG_WARN_SUSPICIOUS_MOVE = YES;
				CLANG_WARN_UNGUARDED_AVAILABILITY = YES_AGGRESSIVE;
				CLANG_WARN_UNREACHABLE_CODE = YES;
				CLANG_WARN__DUPLICATE_METHOD_MATCH = YES;
				COPY_PHASE_STRIP = NO;
				DEBUG_INFORMATION_FORMAT = "dwarf-with-dsym";
				ENABLE_NS_ASSERTIONS = NO;
				ENABLE_STRICT_OBJC_MSGSEND = YES;
				GCC_C_LANGUAGE_STANDARD = gnu11;
				GCC_NO_COMMON_BLOCKS = YES;
				GCC_WARN_64_TO_32_BIT_CONVERSION = YES;
				GCC_WARN_ABOUT_RETURN_TYPE = YES_ERROR;
				GCC_WARN_UNDECLARED_SELECTOR = YES;
				GCC_WARN_UNINITIALIZED_AUTOS = YES_AGGRESSIVE;
				GCC_WARN_UNUSED_FUNCTION = YES;
				GCC_WARN_UNUSED_VARIABLE = YES;
				IPHONEOS_DEPLOYMENT_TARGET = 16.4;
				MTL_ENABLE_DEBUG_INFO = NO;
				MTL_FAST_MATH = YES;
				SDKROOT = iphoneos;
				SWIFT_COMPILATION_MODE = wholemodule;
				SWIFT_OPTIMIZATION_LEVEL = "-O";
				VALIDATE_PRODUCT = YES;
			};
			name = Release;
		};
		945D83192A9C8323007DAB75 /* Debug */ = {
			isa = XCBuildConfiguration;
			buildSettings = {
				ASSETCATALOG_COMPILER_APPICON_NAME = AppIcon;
				ASSETCATALOG_COMPILER_GLOBAL_ACCENT_COLOR_NAME = AccentColor;
				CODE_SIGN_STYLE = Automatic;
				CURRENT_PROJECT_VERSION = 1;
				DEVELOPMENT_TEAM = J8L5S42HGH;
				GENERATE_INFOPLIST_FILE = YES;
				INFOPLIST_FILE = "Maqal/Support files/Info.plist";
				INFOPLIST_KEY_UIApplicationSupportsIndirectInputEvents = YES;
				INFOPLIST_KEY_UILaunchStoryboardName = LaunchScreen;
				INFOPLIST_KEY_UISupportedInterfaceOrientations = UIInterfaceOrientationPortrait;
				INFOPLIST_KEY_UISupportedInterfaceOrientations_iPad = "UIInterfaceOrientationLandscapeLeft UIInterfaceOrientationLandscapeRight UIInterfaceOrientationPortrait UIInterfaceOrientationPortraitUpsideDown";
				INFOPLIST_KEY_UIUserInterfaceStyle = Light;
				IPHONEOS_DEPLOYMENT_TARGET = 16.0;
				LD_RUNPATH_SEARCH_PATHS = (
					"$(inherited)",
					"@executable_path/Frameworks",
				);
				MARKETING_VERSION = 1.0;
				PRODUCT_BUNDLE_IDENTIFIER = maqal.app;
				PRODUCT_NAME = "$(TARGET_NAME)";
				SWIFT_EMIT_LOC_STRINGS = YES;
				SWIFT_VERSION = 5.0;
				TARGETED_DEVICE_FAMILY = "1,2";
			};
			name = Debug;
		};
		945D831A2A9C8323007DAB75 /* Release */ = {
			isa = XCBuildConfiguration;
			buildSettings = {
				ASSETCATALOG_COMPILER_APPICON_NAME = AppIcon;
				ASSETCATALOG_COMPILER_GLOBAL_ACCENT_COLOR_NAME = AccentColor;
				CODE_SIGN_STYLE = Automatic;
				CURRENT_PROJECT_VERSION = 1;
				DEVELOPMENT_TEAM = J8L5S42HGH;
				GENERATE_INFOPLIST_FILE = YES;
				INFOPLIST_FILE = "Maqal/Support files/Info.plist";
				INFOPLIST_KEY_UIApplicationSupportsIndirectInputEvents = YES;
				INFOPLIST_KEY_UILaunchStoryboardName = LaunchScreen;
				INFOPLIST_KEY_UISupportedInterfaceOrientations = UIInterfaceOrientationPortrait;
				INFOPLIST_KEY_UISupportedInterfaceOrientations_iPad = "UIInterfaceOrientationLandscapeLeft UIInterfaceOrientationLandscapeRight UIInterfaceOrientationPortrait UIInterfaceOrientationPortraitUpsideDown";
				INFOPLIST_KEY_UIUserInterfaceStyle = Light;
				IPHONEOS_DEPLOYMENT_TARGET = 16.0;
				LD_RUNPATH_SEARCH_PATHS = (
					"$(inherited)",
					"@executable_path/Frameworks",
				);
				MARKETING_VERSION = 1.0;
				PRODUCT_BUNDLE_IDENTIFIER = maqal.app;
				PRODUCT_NAME = "$(TARGET_NAME)";
				SWIFT_EMIT_LOC_STRINGS = YES;
				SWIFT_VERSION = 5.0;
				TARGETED_DEVICE_FAMILY = "1,2";
			};
			name = Release;
		};
/* End XCBuildConfiguration section */

/* Begin XCConfigurationList section */
		945D82FF2A9C8323007DAB75 /* Build configuration list for PBXProject "Maqal" */ = {
			isa = XCConfigurationList;
			buildConfigurations = (
				945D83162A9C8323007DAB75 /* Debug */,
				945D83172A9C8323007DAB75 /* Release */,
			);
			defaultConfigurationIsVisible = 0;
			defaultConfigurationName = Release;
		};
		945D83182A9C8323007DAB75 /* Build configuration list for PBXNativeTarget "Maqal" */ = {
			isa = XCConfigurationList;
			buildConfigurations = (
				945D83192A9C8323007DAB75 /* Debug */,
				945D831A2A9C8323007DAB75 /* Release */,
			);
			defaultConfigurationIsVisible = 0;
			defaultConfigurationName = Release;
		};
/* End XCConfigurationList section */

/* Begin XCRemoteSwiftPackageReference section */
		945D83272A9C8A3F007DAB75 /* XCRemoteSwiftPackageReference "SnapKit" */ = {
			isa = XCRemoteSwiftPackageReference;
			repositoryURL = "https://github.com/SnapKit/SnapKit.git";
			requirement = {
				kind = upToNextMajorVersion;
				minimumVersion = 5.0.0;
			};
		};
/* End XCRemoteSwiftPackageReference section */

/* Begin XCSwiftPackageProductDependency section */
		945D83282A9C8A3F007DAB75 /* SnapKit */ = {
			isa = XCSwiftPackageProductDependency;
			package = 945D83272A9C8A3F007DAB75 /* XCRemoteSwiftPackageReference "SnapKit" */;
			productName = SnapKit;
		};
/* End XCSwiftPackageProductDependency section */
	};
	rootObject = 945D82FC2A9C8323007DAB75 /* Project object */;
}
