// !$*UTF8*$!
{
	archiveVersion = 1;
	classes = {
	};
	objectVersion = 56;
	objects = {

/* Begin PBXBuildFile section */
		942825E52B0C9FEB000898A6 /* Calculations.swift in Sources */ = {isa = PBXBuildFile; fileRef = 942825E42B0C9FEB000898A6 /* Calculations.swift */; };
		9442096D2AD7F00F00D262FB /* BataDataBase.swift in Sources */ = {isa = PBXBuildFile; fileRef = 9442096C2AD7F00F00D262FB /* BataDataBase.swift */; };
		944209702AD7F28000D262FB /* BataThemesModel.swift in Sources */ = {isa = PBXBuildFile; fileRef = 9442096F2AD7F28000D262FB /* BataThemesModel.swift */; };
		944209722AD80DE600D262FB /* BataModel.swift in Sources */ = {isa = PBXBuildFile; fileRef = 944209712AD80DE600D262FB /* BataModel.swift */; };
		944209772AD80EF900D262FB /* BataViewController.swift in Sources */ = {isa = PBXBuildFile; fileRef = 944209762AD80EF900D262FB /* BataViewController.swift */; };
		944209792AD80F5300D262FB /* BataCell.swift in Sources */ = {isa = PBXBuildFile; fileRef = 944209782AD80F5300D262FB /* BataCell.swift */; };
		9445F6112ACADCF500428550 /* BatasCell.swift in Sources */ = {isa = PBXBuildFile; fileRef = 9445F6102ACADCF500428550 /* BatasCell.swift */; };
		9445F6152ACAE1A900428550 /* ThemesOfBataCell.swift in Sources */ = {isa = PBXBuildFile; fileRef = 9445F6142ACAE1A900428550 /* ThemesOfBataCell.swift */; };
		945D83082A9C8323007DAB75 /* AppDelegate.swift in Sources */ = {isa = PBXBuildFile; fileRef = 945D83072A9C8323007DAB75 /* AppDelegate.swift */; };
		945D830A2A9C8323007DAB75 /* SceneDelegate.swift in Sources */ = {isa = PBXBuildFile; fileRef = 945D83092A9C8323007DAB75 /* SceneDelegate.swift */; };
		945D830C2A9C8323007DAB75 /* MainViewController.swift in Sources */ = {isa = PBXBuildFile; fileRef = 945D830B2A9C8323007DAB75 /* MainViewController.swift */; };
		945D83112A9C8323007DAB75 /* Assets.xcassets in Resources */ = {isa = PBXBuildFile; fileRef = 945D83102A9C8323007DAB75 /* Assets.xcassets */; };
		945D83142A9C8323007DAB75 /* LaunchScreen.storyboard in Resources */ = {isa = PBXBuildFile; fileRef = 945D83122A9C8323007DAB75 /* LaunchScreen.storyboard */; };
		945D831C2A9C832F007DAB75 /* .gitignore in Resources */ = {isa = PBXBuildFile; fileRef = 945D831B2A9C832F007DAB75 /* .gitignore */; };
		945D831F2A9C889D007DAB75 /* Constants.swift in Sources */ = {isa = PBXBuildFile; fileRef = 945D831E2A9C889D007DAB75 /* Constants.swift */; };
		945D83252A9C8A07007DAB75 /* MaqalsCell.swift in Sources */ = {isa = PBXBuildFile; fileRef = 945D83232A9C8A07007DAB75 /* MaqalsCell.swift */; };
		945D83292A9C8A3F007DAB75 /* SnapKit in Frameworks */ = {isa = PBXBuildFile; productRef = 945D83282A9C8A3F007DAB75 /* SnapKit */; };
		945D832B2A9C8C18007DAB75 /* TableViewHeaderSection.swift in Sources */ = {isa = PBXBuildFile; fileRef = 945D832A2A9C8C18007DAB75 /* TableViewHeaderSection.swift */; };
		945D832E2A9C9BCE007DAB75 /* ThemesOfMaqalCell.swift in Sources */ = {isa = PBXBuildFile; fileRef = 945D832D2A9C9BCE007DAB75 /* ThemesOfMaqalCell.swift */; };
		945D83322A9CA688007DAB75 /* MaqalThemeModel.swift in Sources */ = {isa = PBXBuildFile; fileRef = 945D83312A9CA688007DAB75 /* MaqalThemeModel.swift */; };
		945D83352A9CA7BE007DAB75 /* MaqalDataBase.swift in Sources */ = {isa = PBXBuildFile; fileRef = 945D83342A9CA7BE007DAB75 /* MaqalDataBase.swift */; };
		945D83432A9DF101007DAB75 /* MaqalViewController.swift in Sources */ = {isa = PBXBuildFile; fileRef = 945D83422A9DF101007DAB75 /* MaqalViewController.swift */; };
		945D83472A9DF1E2007DAB75 /* MaqalCell.swift in Sources */ = {isa = PBXBuildFile; fileRef = 945D83462A9DF1E2007DAB75 /* MaqalCell.swift */; };
		945D834A2A9DF27F007DAB75 /* MaqalModel.swift in Sources */ = {isa = PBXBuildFile; fileRef = 945D83492A9DF27F007DAB75 /* MaqalModel.swift */; };
		945D834E2A9E02C5007DAB75 /* SearchViewController.swift in Sources */ = {isa = PBXBuildFile; fileRef = 945D834D2A9E02C5007DAB75 /* SearchViewController.swift */; };
		947173602AFE376E0071F2B6 /* TableHeaderView.swift in Sources */ = {isa = PBXBuildFile; fileRef = 9471735F2AFE376E0071F2B6 /* TableHeaderView.swift */; };
		9491BE372AD9CDB3005AB5C6 /* TildaSans-VF.ttf in Resources */ = {isa = PBXBuildFile; fileRef = 9491BE362AD9CDB3005AB5C6 /* TildaSans-VF.ttf */; };
		94988E062AD41BAF0012E783 /* GoogleMobileAds in Frameworks */ = {isa = PBXBuildFile; productRef = 94988E052AD41BAF0012E783 /* GoogleMobileAds */; };
		94988E0A2AD537220012E783 /* Keys.swift in Sources */ = {isa = PBXBuildFile; fileRef = 94988E092AD537220012E783 /* Keys.swift */; };
		94BD55912B14837E006D2F7C /* KaraSozderiCell.swift in Sources */ = {isa = PBXBuildFile; fileRef = 94BD55902B14837E006D2F7C /* KaraSozderiCell.swift */; };
		94BD55932B148463006D2F7C /* ThemesOfKaraSozderiCell.swift in Sources */ = {isa = PBXBuildFile; fileRef = 94BD55922B148463006D2F7C /* ThemesOfKaraSozderiCell.swift */; };
		94BD55952B14866E006D2F7C /* KaraSozderiDataBase.swift in Sources */ = {isa = PBXBuildFile; fileRef = 94BD55942B14866E006D2F7C /* KaraSozderiDataBase.swift */; };
		94BD55972B148F40006D2F7C /* KaraSozderiViewController.swift in Sources */ = {isa = PBXBuildFile; fileRef = 94BD55962B148F40006D2F7C /* KaraSozderiViewController.swift */; };
/* End PBXBuildFile section */

/* Begin PBXFileReference section */
		942825E42B0C9FEB000898A6 /* Calculations.swift */ = {isa = PBXFileReference; lastKnownFileType = sourcecode.swift; path = Calculations.swift; sourceTree = "<group>"; };
		9442096C2AD7F00F00D262FB /* BataDataBase.swift */ = {isa = PBXFileReference; lastKnownFileType = sourcecode.swift; path = BataDataBase.swift; sourceTree = "<group>"; };
		9442096F2AD7F28000D262FB /* BataThemesModel.swift */ = {isa = PBXFileReference; lastKnownFileType = sourcecode.swift; path = BataThemesModel.swift; sourceTree = "<group>"; };
		944209712AD80DE600D262FB /* BataModel.swift */ = {isa = PBXFileReference; lastKnownFileType = sourcecode.swift; path = BataModel.swift; sourceTree = "<group>"; };
		944209762AD80EF900D262FB /* BataViewController.swift */ = {isa = PBXFileReference; lastKnownFileType = sourcecode.swift; path = BataViewController.swift; sourceTree = "<group>"; };
		944209782AD80F5300D262FB /* BataCell.swift */ = {isa = PBXFileReference; lastKnownFileType = sourcecode.swift; path = BataCell.swift; sourceTree = "<group>"; };
		9445F6102ACADCF500428550 /* BatasCell.swift */ = {isa = PBXFileReference; lastKnownFileType = sourcecode.swift; path = BatasCell.swift; sourceTree = "<group>"; };
		9445F6142ACAE1A900428550 /* ThemesOfBataCell.swift */ = {isa = PBXFileReference; lastKnownFileType = sourcecode.swift; path = ThemesOfBataCell.swift; sourceTree = "<group>"; };
		945D83042A9C8323007DAB75 /* Mura.app */ = {isa = PBXFileReference; explicitFileType = wrapper.application; includeInIndex = 0; path = Mura.app; sourceTree = BUILT_PRODUCTS_DIR; };
		945D83072A9C8323007DAB75 /* AppDelegate.swift */ = {isa = PBXFileReference; lastKnownFileType = sourcecode.swift; path = AppDelegate.swift; sourceTree = "<group>"; };
		945D83092A9C8323007DAB75 /* SceneDelegate.swift */ = {isa = PBXFileReference; lastKnownFileType = sourcecode.swift; path = SceneDelegate.swift; sourceTree = "<group>"; };
		945D830B2A9C8323007DAB75 /* MainViewController.swift */ = {isa = PBXFileReference; lastKnownFileType = sourcecode.swift; path = MainViewController.swift; sourceTree = "<group>"; };
		945D83102A9C8323007DAB75 /* Assets.xcassets */ = {isa = PBXFileReference; lastKnownFileType = folder.assetcatalog; path = Assets.xcassets; sourceTree = "<group>"; };
		945D83132A9C8323007DAB75 /* Base */ = {isa = PBXFileReference; lastKnownFileType = file.storyboard; name = Base; path = Base.lproj/LaunchScreen.storyboard; sourceTree = "<group>"; };
		945D83152A9C8323007DAB75 /* Info.plist */ = {isa = PBXFileReference; lastKnownFileType = text.plist.xml; path = Info.plist; sourceTree = "<group>"; };
		945D831B2A9C832F007DAB75 /* .gitignore */ = {isa = PBXFileReference; lastKnownFileType = text; path = .gitignore; sourceTree = "<group>"; };
		945D831E2A9C889D007DAB75 /* Constants.swift */ = {isa = PBXFileReference; lastKnownFileType = sourcecode.swift; path = Constants.swift; sourceTree = "<group>"; };
		945D83232A9C8A07007DAB75 /* MaqalsCell.swift */ = {isa = PBXFileReference; lastKnownFileType = sourcecode.swift; path = MaqalsCell.swift; sourceTree = "<group>"; };
		945D832A2A9C8C18007DAB75 /* TableViewHeaderSection.swift */ = {isa = PBXFileReference; lastKnownFileType = sourcecode.swift; path = TableViewHeaderSection.swift; sourceTree = "<group>"; };
		945D832D2A9C9BCE007DAB75 /* ThemesOfMaqalCell.swift */ = {isa = PBXFileReference; lastKnownFileType = sourcecode.swift; path = ThemesOfMaqalCell.swift; sourceTree = "<group>"; };
		945D83312A9CA688007DAB75 /* MaqalThemeModel.swift */ = {isa = PBXFileReference; lastKnownFileType = sourcecode.swift; path = MaqalThemeModel.swift; sourceTree = "<group>"; };
		945D83342A9CA7BE007DAB75 /* MaqalDataBase.swift */ = {isa = PBXFileReference; lastKnownFileType = sourcecode.swift; path = MaqalDataBase.swift; sourceTree = "<group>"; };
		945D83422A9DF101007DAB75 /* MaqalViewController.swift */ = {isa = PBXFileReference; lastKnownFileType = sourcecode.swift; path = MaqalViewController.swift; sourceTree = "<group>"; };
		945D83462A9DF1E2007DAB75 /* MaqalCell.swift */ = {isa = PBXFileReference; lastKnownFileType = sourcecode.swift; path = MaqalCell.swift; sourceTree = "<group>"; };
		945D83492A9DF27F007DAB75 /* MaqalModel.swift */ = {isa = PBXFileReference; lastKnownFileType = sourcecode.swift; path = MaqalModel.swift; sourceTree = "<group>"; };
		945D834D2A9E02C5007DAB75 /* SearchViewController.swift */ = {isa = PBXFileReference; lastKnownFileType = sourcecode.swift; path = SearchViewController.swift; sourceTree = "<group>"; };
		9471735F2AFE376E0071F2B6 /* TableHeaderView.swift */ = {isa = PBXFileReference; lastKnownFileType = sourcecode.swift; path = TableHeaderView.swift; sourceTree = "<group>"; };
		9491BE362AD9CDB3005AB5C6 /* TildaSans-VF.ttf */ = {isa = PBXFileReference; lastKnownFileType = file; path = "TildaSans-VF.ttf"; sourceTree = "<group>"; };
		94988E092AD537220012E783 /* Keys.swift */ = {isa = PBXFileReference; lastKnownFileType = sourcecode.swift; path = Keys.swift; sourceTree = "<group>"; };
		94BD55902B14837E006D2F7C /* KaraSozderiCell.swift */ = {isa = PBXFileReference; lastKnownFileType = sourcecode.swift; path = KaraSozderiCell.swift; sourceTree = "<group>"; };
		94BD55922B148463006D2F7C /* ThemesOfKaraSozderiCell.swift */ = {isa = PBXFileReference; lastKnownFileType = sourcecode.swift; path = ThemesOfKaraSozderiCell.swift; sourceTree = "<group>"; };
		94BD55942B14866E006D2F7C /* KaraSozderiDataBase.swift */ = {isa = PBXFileReference; lastKnownFileType = sourcecode.swift; path = KaraSozderiDataBase.swift; sourceTree = "<group>"; };
		94BD55962B148F40006D2F7C /* KaraSozderiViewController.swift */ = {isa = PBXFileReference; lastKnownFileType = sourcecode.swift; path = KaraSozderiViewController.swift; sourceTree = "<group>"; };
/* End PBXFileReference section */

/* Begin PBXFrameworksBuildPhase section */
		945D83012A9C8323007DAB75 /* Frameworks */ = {
			isa = PBXFrameworksBuildPhase;
			buildActionMask = 2147483647;
			files = (
				94988E062AD41BAF0012E783 /* GoogleMobileAds in Frameworks */,
				945D83292A9C8A3F007DAB75 /* SnapKit in Frameworks */,
			);
			runOnlyForDeploymentPostprocessing = 0;
		};
/* End PBXFrameworksBuildPhase section */

/* Begin PBXGroup section */
		9445F60E2ACADBB100428550 /* ThemesOfMaqal */ = {
			isa = PBXGroup;
			children = (
				945D832F2A9CA672007DAB75 /* View */,
			);
			path = ThemesOfMaqal;
			sourceTree = "<group>";
		};
		9445F60F2ACADCD700428550 /* ThemesOfBata */ = {
			isa = PBXGroup;
			children = (
				9445F6132ACAE11400428550 /* View */,
			);
			path = ThemesOfBata;
			sourceTree = "<group>";
		};
		9445F6132ACAE11400428550 /* View */ = {
			isa = PBXGroup;
			children = (
				9445F6102ACADCF500428550 /* BatasCell.swift */,
				9445F6142ACAE1A900428550 /* ThemesOfBataCell.swift */,
			);
			path = View;
			sourceTree = "<group>";
		};
		945D82FB2A9C8323007DAB75 = {
			isa = PBXGroup;
			children = (
				945D831B2A9C832F007DAB75 /* .gitignore */,
				945D83062A9C8323007DAB75 /* Mura */,
				945D83052A9C8323007DAB75 /* Products */,
			);
			sourceTree = "<group>";
		};
		945D83052A9C8323007DAB75 /* Products */ = {
			isa = PBXGroup;
			children = (
				945D83042A9C8323007DAB75 /* Mura.app */,
			);
			name = Products;
			sourceTree = "<group>";
		};
		945D83062A9C8323007DAB75 /* Mura */ = {
			isa = PBXGroup;
			children = (
				945D83342A9CA7BE007DAB75 /* MaqalDataBase.swift */,
				9442096C2AD7F00F00D262FB /* BataDataBase.swift */,
				94BD55942B14866E006D2F7C /* KaraSozderiDataBase.swift */,
				94B68BF32B0B723500341B34 /* MainScreen */,
				94B68BE72B0B6E7600341B34 /* SearchViewController */,
				945D83412A9DEBB8007DAB75 /* DetailsOfThemes */,
				945D831D2A9C866E007DAB75 /* Supporting files */,
			);
			path = Mura;
			sourceTree = "<group>";
		};
		945D831D2A9C866E007DAB75 /* Supporting files */ = {
			isa = PBXGroup;
			children = (
				945D831E2A9C889D007DAB75 /* Constants.swift */,
				945D83122A9C8323007DAB75 /* LaunchScreen.storyboard */,
				9491BE352AD9CDA6005AB5C6 /* Fonts */,
				942825E42B0C9FEB000898A6 /* Calculations.swift */,
				94988E092AD537220012E783 /* Keys.swift */,
				945D83072A9C8323007DAB75 /* AppDelegate.swift */,
				945D83092A9C8323007DAB75 /* SceneDelegate.swift */,
				945D83102A9C8323007DAB75 /* Assets.xcassets */,
				945D83152A9C8323007DAB75 /* Info.plist */,
			);
			path = "Supporting files";
			sourceTree = "<group>";
		};
		945D83202A9C89B9007DAB75 /* Controller */ = {
			isa = PBXGroup;
			children = (
				945D830B2A9C8323007DAB75 /* MainViewController.swift */,
			);
			path = Controller;
			sourceTree = "<group>";
		};
		945D83212A9C89C1007DAB75 /* View */ = {
			isa = PBXGroup;
			children = (
				9471735F2AFE376E0071F2B6 /* TableHeaderView.swift */,
				945D832A2A9C8C18007DAB75 /* TableViewHeaderSection.swift */,
				9445F60E2ACADBB100428550 /* ThemesOfMaqal */,
				9445F60F2ACADCD700428550 /* ThemesOfBata */,
				94BD558E2B148322006D2F7C /* ThemesOfAbayKaraSozderi */,
			);
			path = View;
			sourceTree = "<group>";
		};
		945D832F2A9CA672007DAB75 /* View */ = {
			isa = PBXGroup;
			children = (
				945D83232A9C8A07007DAB75 /* MaqalsCell.swift */,
				945D832D2A9C9BCE007DAB75 /* ThemesOfMaqalCell.swift */,
			);
			path = View;
			sourceTree = "<group>";
		};
		945D83302A9CA676007DAB75 /* Model */ = {
			isa = PBXGroup;
			children = (
				945D83312A9CA688007DAB75 /* MaqalThemeModel.swift */,
				9442096F2AD7F28000D262FB /* BataThemesModel.swift */,
			);
			path = Model;
			sourceTree = "<group>";
		};
		945D83412A9DEBB8007DAB75 /* DetailsOfThemes */ = {
			isa = PBXGroup;
			children = (
				945D83482A9DF275007DAB75 /* Model */,
				945D83442A9DF1CA007DAB75 /* Controller */,
				945D83452A9DF1D1007DAB75 /* View */,
			);
			path = DetailsOfThemes;
			sourceTree = "<group>";
		};
		945D83442A9DF1CA007DAB75 /* Controller */ = {
			isa = PBXGroup;
			children = (
				945D83422A9DF101007DAB75 /* MaqalViewController.swift */,
				944209762AD80EF900D262FB /* BataViewController.swift */,
				94BD55962B148F40006D2F7C /* KaraSozderiViewController.swift */,
			);
			path = Controller;
			sourceTree = "<group>";
		};
		945D83452A9DF1D1007DAB75 /* View */ = {
			isa = PBXGroup;
			children = (
				945D83462A9DF1E2007DAB75 /* MaqalCell.swift */,
				944209782AD80F5300D262FB /* BataCell.swift */,
			);
			path = View;
			sourceTree = "<group>";
		};
		945D83482A9DF275007DAB75 /* Model */ = {
			isa = PBXGroup;
			children = (
				945D83492A9DF27F007DAB75 /* MaqalModel.swift */,
				944209712AD80DE600D262FB /* BataModel.swift */,
			);
			path = Model;
			sourceTree = "<group>";
		};
		9491BE352AD9CDA6005AB5C6 /* Fonts */ = {
			isa = PBXGroup;
			children = (
				9491BE362AD9CDB3005AB5C6 /* TildaSans-VF.ttf */,
			);
			path = Fonts;
			sourceTree = "<group>";
		};
		94B68BE72B0B6E7600341B34 /* SearchViewController */ = {
			isa = PBXGroup;
			children = (
				94B68BE82B0B6E8100341B34 /* Controller */,
			);
			path = SearchViewController;
			sourceTree = "<group>";
		};
		94B68BE82B0B6E8100341B34 /* Controller */ = {
			isa = PBXGroup;
			children = (
				945D834D2A9E02C5007DAB75 /* SearchViewController.swift */,
			);
			name = Controller;
			sourceTree = "<group>";
		};
		94B68BF32B0B723500341B34 /* MainScreen */ = {
			isa = PBXGroup;
			children = (
				945D83202A9C89B9007DAB75 /* Controller */,
				945D83302A9CA676007DAB75 /* Model */,
				945D83212A9C89C1007DAB75 /* View */,
			);
			path = MainScreen;
			sourceTree = "<group>";
		};
		94BD558E2B148322006D2F7C /* ThemesOfAbayKaraSozderi */ = {
			isa = PBXGroup;
			children = (
				94BD558F2B14836A006D2F7C /* View */,
			);
			path = ThemesOfAbayKaraSozderi;
			sourceTree = "<group>";
		};
		94BD558F2B14836A006D2F7C /* View */ = {
			isa = PBXGroup;
			children = (
				94BD55902B14837E006D2F7C /* KaraSozderiCell.swift */,
				94BD55922B148463006D2F7C /* ThemesOfKaraSozderiCell.swift */,
			);
			path = View;
			sourceTree = "<group>";
		};
/* End PBXGroup section */

/* Begin PBXNativeTarget section */
		945D83032A9C8323007DAB75 /* Mura */ = {
			isa = PBXNativeTarget;
			buildConfigurationList = 945D83182A9C8323007DAB75 /* Build configuration list for PBXNativeTarget "Mura" */;
			buildPhases = (
				945D83002A9C8323007DAB75 /* Sources */,
				945D83012A9C8323007DAB75 /* Frameworks */,
				945D83022A9C8323007DAB75 /* Resources */,
			);
			buildRules = (
			);
			dependencies = (
			);
			name = Mura;
			packageProductDependencies = (
				945D83282A9C8A3F007DAB75 /* SnapKit */,
				94988E052AD41BAF0012E783 /* GoogleMobileAds */,
			);
			productName = Maqal;
			productReference = 945D83042A9C8323007DAB75 /* Mura.app */;
			productType = "com.apple.product-type.application";
		};
/* End PBXNativeTarget section */

/* Begin PBXProject section */
		945D82FC2A9C8323007DAB75 /* Project object */ = {
			isa = PBXProject;
			attributes = {
				BuildIndependentTargetsInParallel = 1;
				LastSwiftUpdateCheck = 1430;
				LastUpgradeCheck = 1500;
				TargetAttributes = {
					945D83032A9C8323007DAB75 = {
						CreatedOnToolsVersion = 14.3.1;
					};
				};
			};
			buildConfigurationList = 945D82FF2A9C8323007DAB75 /* Build configuration list for PBXProject "Mura" */;
			compatibilityVersion = "Xcode 14.0";
			developmentRegion = en;
			hasScannedForEncodings = 0;
			knownRegions = (
				en,
				Base,
			);
			mainGroup = 945D82FB2A9C8323007DAB75;
			packageReferences = (
				945D83272A9C8A3F007DAB75 /* XCRemoteSwiftPackageReference "SnapKit" */,
				94988E042AD41BAF0012E783 /* XCRemoteSwiftPackageReference "swift-package-manager-google-mobile-ads" */,
			);
			productRefGroup = 945D83052A9C8323007DAB75 /* Products */;
			projectDirPath = "";
			projectRoot = "";
			targets = (
				945D83032A9C8323007DAB75 /* Mura */,
			);
		};
/* End PBXProject section */

/* Begin PBXResourcesBuildPhase section */
		945D83022A9C8323007DAB75 /* Resources */ = {
			isa = PBXResourcesBuildPhase;
			buildActionMask = 2147483647;
			files = (
				9491BE372AD9CDB3005AB5C6 /* TildaSans-VF.ttf in Resources */,
				945D831C2A9C832F007DAB75 /* .gitignore in Resources */,
				945D83142A9C8323007DAB75 /* LaunchScreen.storyboard in Resources */,
				945D83112A9C8323007DAB75 /* Assets.xcassets in Resources */,
			);
			runOnlyForDeploymentPostprocessing = 0;
		};
/* End PBXResourcesBuildPhase section */

/* Begin PBXSourcesBuildPhase section */
		945D83002A9C8323007DAB75 /* Sources */ = {
			isa = PBXSourcesBuildPhase;
			buildActionMask = 2147483647;
			files = (
				945D830C2A9C8323007DAB75 /* MainViewController.swift in Sources */,
				94BD55932B148463006D2F7C /* ThemesOfKaraSozderiCell.swift in Sources */,
				94988E0A2AD537220012E783 /* Keys.swift in Sources */,
				945D83082A9C8323007DAB75 /* AppDelegate.swift in Sources */,
				94BD55952B14866E006D2F7C /* KaraSozderiDataBase.swift in Sources */,
				945D830A2A9C8323007DAB75 /* SceneDelegate.swift in Sources */,
				945D834A2A9DF27F007DAB75 /* MaqalModel.swift in Sources */,
				944209792AD80F5300D262FB /* BataCell.swift in Sources */,
				945D832B2A9C8C18007DAB75 /* TableViewHeaderSection.swift in Sources */,
				9445F6112ACADCF500428550 /* BatasCell.swift in Sources */,
				94BD55912B14837E006D2F7C /* KaraSozderiCell.swift in Sources */,
				945D83352A9CA7BE007DAB75 /* MaqalDataBase.swift in Sources */,
				945D83472A9DF1E2007DAB75 /* MaqalCell.swift in Sources */,
				944209722AD80DE600D262FB /* BataModel.swift in Sources */,
				947173602AFE376E0071F2B6 /* TableHeaderView.swift in Sources */,
				9445F6152ACAE1A900428550 /* ThemesOfBataCell.swift in Sources */,
				945D83432A9DF101007DAB75 /* MaqalViewController.swift in Sources */,
				945D834E2A9E02C5007DAB75 /* SearchViewController.swift in Sources */,
				945D832E2A9C9BCE007DAB75 /* ThemesOfMaqalCell.swift in Sources */,
				94BD55972B148F40006D2F7C /* KaraSozderiViewController.swift in Sources */,
				944209702AD7F28000D262FB /* BataThemesModel.swift in Sources */,
				945D831F2A9C889D007DAB75 /* Constants.swift in Sources */,
				9442096D2AD7F00F00D262FB /* BataDataBase.swift in Sources */,
				945D83252A9C8A07007DAB75 /* MaqalsCell.swift in Sources */,
				944209772AD80EF900D262FB /* BataViewController.swift in Sources */,
				945D83322A9CA688007DAB75 /* MaqalThemeModel.swift in Sources */,
				942825E52B0C9FEB000898A6 /* Calculations.swift in Sources */,
			);
			runOnlyForDeploymentPostprocessing = 0;
		};
/* End PBXSourcesBuildPhase section */

/* Begin PBXVariantGroup section */
		945D83122A9C8323007DAB75 /* LaunchScreen.storyboard */ = {
			isa = PBXVariantGroup;
			children = (
				945D83132A9C8323007DAB75 /* Base */,
			);
			name = LaunchScreen.storyboard;
			sourceTree = "<group>";
		};
/* End PBXVariantGroup section */

/* Begin XCBuildConfiguration section */
		945D83162A9C8323007DAB75 /* Debug */ = {
			isa = XCBuildConfiguration;
			buildSettings = {
				ALWAYS_SEARCH_USER_PATHS = NO;
				CLANG_ANALYZER_NONNULL = YES;
				CLANG_ANALYZER_NUMBER_OBJECT_CONVERSION = YES_AGGRESSIVE;
				CLANG_CXX_LANGUAGE_STANDARD = "gnu++20";
				CLANG_ENABLE_MODULES = YES;
				CLANG_ENABLE_OBJC_ARC = YES;
				CLANG_ENABLE_OBJC_WEAK = YES;
				CLANG_WARN_BLOCK_CAPTURE_AUTORELEASING = YES;
				CLANG_WARN_BOOL_CONVERSION = YES;
				CLANG_WARN_COMMA = YES;
				CLANG_WARN_CONSTANT_CONVERSION = YES;
				CLANG_WARN_DEPRECATED_OBJC_IMPLEMENTATIONS = YES;
				CLANG_WARN_DIRECT_OBJC_ISA_USAGE = YES_ERROR;
				CLANG_WARN_DOCUMENTATION_COMMENTS = YES;
				CLANG_WARN_EMPTY_BODY = YES;
				CLANG_WARN_ENUM_CONVERSION = YES;
				CLANG_WARN_INFINITE_RECURSION = YES;
				CLANG_WARN_INT_CONVERSION = YES;
				CLANG_WARN_NON_LITERAL_NULL_CONVERSION = YES;
				CLANG_WARN_OBJC_IMPLICIT_RETAIN_SELF = YES;
				CLANG_WARN_OBJC_LITERAL_CONVERSION = YES;
				CLANG_WARN_OBJC_ROOT_CLASS = YES_ERROR;
				CLANG_WARN_QUOTED_INCLUDE_IN_FRAMEWORK_HEADER = YES;
				CLANG_WARN_RANGE_LOOP_ANALYSIS = YES;
				CLANG_WARN_STRICT_PROTOTYPES = YES;
				CLANG_WARN_SUSPICIOUS_MOVE = YES;
				CLANG_WARN_UNGUARDED_AVAILABILITY = YES_AGGRESSIVE;
				CLANG_WARN_UNREACHABLE_CODE = YES;
				CLANG_WARN__DUPLICATE_METHOD_MATCH = YES;
				COPY_PHASE_STRIP = NO;
				DEBUG_INFORMATION_FORMAT = dwarf;
				ENABLE_STRICT_OBJC_MSGSEND = YES;
				ENABLE_TESTABILITY = YES;
				ENABLE_USER_SCRIPT_SANDBOXING = YES;
				GCC_C_LANGUAGE_STANDARD = gnu11;
				GCC_DYNAMIC_NO_PIC = NO;
				GCC_NO_COMMON_BLOCKS = YES;
				GCC_OPTIMIZATION_LEVEL = 0;
				GCC_PREPROCESSOR_DEFINITIONS = (
					"DEBUG=1",
					"$(inherited)",
				);
				GCC_WARN_64_TO_32_BIT_CONVERSION = YES;
				GCC_WARN_ABOUT_RETURN_TYPE = YES_ERROR;
				GCC_WARN_UNDECLARED_SELECTOR = YES;
				GCC_WARN_UNINITIALIZED_AUTOS = YES_AGGRESSIVE;
				GCC_WARN_UNUSED_FUNCTION = YES;
				GCC_WARN_UNUSED_VARIABLE = YES;
				IPHONEOS_DEPLOYMENT_TARGET = 16.4;
				MTL_ENABLE_DEBUG_INFO = INCLUDE_SOURCE;
				MTL_FAST_MATH = YES;
				ONLY_ACTIVE_ARCH = YES;
				SDKROOT = iphoneos;
				SWIFT_ACTIVE_COMPILATION_CONDITIONS = DEBUG;
				SWIFT_OPTIMIZATION_LEVEL = "-Onone";
			};
			name = Debug;
		};
		945D83172A9C8323007DAB75 /* Release */ = {
			isa = XCBuildConfiguration;
			buildSettings = {
				ALWAYS_SEARCH_USER_PATHS = NO;
				CLANG_ANALYZER_NONNULL = YES;
				CLANG_ANALYZER_NUMBER_OBJECT_CONVERSION = YES_AGGRESSIVE;
				CLANG_CXX_LANGUAGE_STANDARD = "gnu++20";
				CLANG_ENABLE_MODULES = YES;
				CLANG_ENABLE_OBJC_ARC = YES;
				CLANG_ENABLE_OBJC_WEAK = YES;
				CLANG_WARN_BLOCK_CAPTURE_AUTORELEASING = YES;
				CLANG_WARN_BOOL_CONVERSION = YES;
				CLANG_WARN_COMMA = YES;
				CLANG_WARN_CONSTANT_CONVERSION = YES;
				CLANG_WARN_DEPRECATED_OBJC_IMPLEMENTATIONS = YES;
				CLANG_WARN_DIRECT_OBJC_ISA_USAGE = YES_ERROR;
				CLANG_WARN_DOCUMENTATION_COMMENTS = YES;
				CLANG_WARN_EMPTY_BODY = YES;
				CLANG_WARN_ENUM_CONVERSION = YES;
				CLANG_WARN_INFINITE_RECURSION = YES;
				CLANG_WARN_INT_CONVERSION = YES;
				CLANG_WARN_NON_LITERAL_NULL_CONVERSION = YES;
				CLANG_WARN_OBJC_IMPLICIT_RETAIN_SELF = YES;
				CLANG_WARN_OBJC_LITERAL_CONVERSION = YES;
				CLANG_WARN_OBJC_ROOT_CLASS = YES_ERROR;
				CLANG_WARN_QUOTED_INCLUDE_IN_FRAMEWORK_HEADER = YES;
				CLANG_WARN_RANGE_LOOP_ANALYSIS = YES;
				CLANG_WARN_STRICT_PROTOTYPES = YES;
				CLANG_WARN_SUSPICIOUS_MOVE = YES;
				CLANG_WARN_UNGUARDED_AVAILABILITY = YES_AGGRESSIVE;
				CLANG_WARN_UNREACHABLE_CODE = YES;
				CLANG_WARN__DUPLICATE_METHOD_MATCH = YES;
				COPY_PHASE_STRIP = NO;
				DEBUG_INFORMATION_FORMAT = "dwarf-with-dsym";
				ENABLE_NS_ASSERTIONS = NO;
				ENABLE_STRICT_OBJC_MSGSEND = YES;
				ENABLE_USER_SCRIPT_SANDBOXING = YES;
				GCC_C_LANGUAGE_STANDARD = gnu11;
				GCC_NO_COMMON_BLOCKS = YES;
				GCC_WARN_64_TO_32_BIT_CONVERSION = YES;
				GCC_WARN_ABOUT_RETURN_TYPE = YES_ERROR;
				GCC_WARN_UNDECLARED_SELECTOR = YES;
				GCC_WARN_UNINITIALIZED_AUTOS = YES_AGGRESSIVE;
				GCC_WARN_UNUSED_FUNCTION = YES;
				GCC_WARN_UNUSED_VARIABLE = YES;
				IPHONEOS_DEPLOYMENT_TARGET = 16.4;
				MTL_ENABLE_DEBUG_INFO = NO;
				MTL_FAST_MATH = YES;
				SDKROOT = iphoneos;
				SWIFT_COMPILATION_MODE = wholemodule;
				SWIFT_OPTIMIZATION_LEVEL = "-O";
				VALIDATE_PRODUCT = YES;
			};
			name = Release;
		};
		945D83192A9C8323007DAB75 /* Debug */ = {
			isa = XCBuildConfiguration;
			buildSettings = {
				ASSETCATALOG_COMPILER_APPICON_NAME = AppIcon;
				ASSETCATALOG_COMPILER_GLOBAL_ACCENT_COLOR_NAME = AccentColor;
				CODE_SIGN_STYLE = Automatic;
				CURRENT_PROJECT_VERSION = 1.0;
				DEVELOPMENT_TEAM = J8L5S42HGH;
				GENERATE_INFOPLIST_FILE = YES;
				INFOPLIST_FILE = "Mura/Supporting files/Info.plist";
				INFOPLIST_KEY_CFBundleDisplayName = Mura;
				INFOPLIST_KEY_UIApplicationSupportsIndirectInputEvents = YES;
				INFOPLIST_KEY_UILaunchStoryboardName = LaunchScreen;
				INFOPLIST_KEY_UIStatusBarStyle = "";
				INFOPLIST_KEY_UISupportedInterfaceOrientations = UIInterfaceOrientationPortrait;
				INFOPLIST_KEY_UISupportedInterfaceOrientations_iPad = "UIInterfaceOrientationLandscapeLeft UIInterfaceOrientationLandscapeRight UIInterfaceOrientationPortrait UIInterfaceOrientationPortraitUpsideDown";
				INFOPLIST_KEY_UIUserInterfaceStyle = Light;
				IPHONEOS_DEPLOYMENT_TARGET = 15.0;
				LD_RUNPATH_SEARCH_PATHS = (
					"$(inherited)",
					"@executable_path/Frameworks",
				);
				MARKETING_VERSION = 2.0;
				OTHER_LDFLAGS = "-ObjC";
				PRODUCT_BUNDLE_IDENTIFIER = maqal.app;
				PRODUCT_NAME = "$(TARGET_NAME)";
				SUPPORTED_PLATFORMS = "iphoneos iphonesimulator";
				SUPPORTS_MACCATALYST = NO;
				SUPPORTS_MAC_DESIGNED_FOR_IPHONE_IPAD = NO;
				SWIFT_EMIT_LOC_STRINGS = YES;
				SWIFT_VERSION = 5.0;
				TARGETED_DEVICE_FAMILY = "1,2";
			};
			name = Debug;
		};
		945D831A2A9C8323007DAB75 /* Release */ = {
			isa = XCBuildConfiguration;
			buildSettings = {
				ASSETCATALOG_COMPILER_APPICON_NAME = AppIcon;
				ASSETCATALOG_COMPILER_GLOBAL_ACCENT_COLOR_NAME = AccentColor;
				CODE_SIGN_STYLE = Automatic;
				CURRENT_PROJECT_VERSION = 1.0;
				DEVELOPMENT_TEAM = J8L5S42HGH;
				GENERATE_INFOPLIST_FILE = YES;
				INFOPLIST_FILE = "Mura/Supporting files/Info.plist";
				INFOPLIST_KEY_CFBundleDisplayName = Mura;
				INFOPLIST_KEY_UIApplicationSupportsIndirectInputEvents = YES;
				INFOPLIST_KEY_UILaunchStoryboardName = LaunchScreen;
				INFOPLIST_KEY_UIStatusBarStyle = "";
				INFOPLIST_KEY_UISupportedInterfaceOrientations = UIInterfaceOrientationPortrait;
				INFOPLIST_KEY_UISupportedInterfaceOrientations_iPad = "UIInterfaceOrientationLandscapeLeft UIInterfaceOrientationLandscapeRight UIInterfaceOrientationPortrait UIInterfaceOrientationPortraitUpsideDown";
				INFOPLIST_KEY_UIUserInterfaceStyle = Light;
				IPHONEOS_DEPLOYMENT_TARGET = 15.0;
				LD_RUNPATH_SEARCH_PATHS = (
					"$(inherited)",
					"@executable_path/Frameworks",
				);
				MARKETING_VERSION = 2.0;
				OTHER_LDFLAGS = "-ObjC";
				PRODUCT_BUNDLE_IDENTIFIER = maqal.app;
				PRODUCT_NAME = "$(TARGET_NAME)";
				SUPPORTED_PLATFORMS = "iphoneos iphonesimulator";
				SUPPORTS_MACCATALYST = NO;
				SUPPORTS_MAC_DESIGNED_FOR_IPHONE_IPAD = NO;
				SWIFT_EMIT_LOC_STRINGS = YES;
				SWIFT_VERSION = 5.0;
				TARGETED_DEVICE_FAMILY = "1,2";
			};
			name = Release;
		};
/* End XCBuildConfiguration section */

/* Begin XCConfigurationList section */
		945D82FF2A9C8323007DAB75 /* Build configuration list for PBXProject "Mura" */ = {
			isa = XCConfigurationList;
			buildConfigurations = (
				945D83162A9C8323007DAB75 /* Debug */,
				945D83172A9C8323007DAB75 /* Release */,
			);
			defaultConfigurationIsVisible = 0;
			defaultConfigurationName = Release;
		};
		945D83182A9C8323007DAB75 /* Build configuration list for PBXNativeTarget "Mura" */ = {
			isa = XCConfigurationList;
			buildConfigurations = (
				945D83192A9C8323007DAB75 /* Debug */,
				945D831A2A9C8323007DAB75 /* Release */,
			);
			defaultConfigurationIsVisible = 0;
			defaultConfigurationName = Release;
		};
/* End XCConfigurationList section */

/* Begin XCRemoteSwiftPackageReference section */
		945D83272A9C8A3F007DAB75 /* XCRemoteSwiftPackageReference "SnapKit" */ = {
			isa = XCRemoteSwiftPackageReference;
			repositoryURL = "https://github.com/SnapKit/SnapKit.git";
			requirement = {
				kind = upToNextMajorVersion;
				minimumVersion = 5.0.0;
			};
		};
		94988E042AD41BAF0012E783 /* XCRemoteSwiftPackageReference "swift-package-manager-google-mobile-ads" */ = {
			isa = XCRemoteSwiftPackageReference;
			repositoryURL = "https://github.com/googleads/swift-package-manager-google-mobile-ads.git";
			requirement = {
				kind = upToNextMajorVersion;
				minimumVersion = 10.12.0;
			};
		};
/* End XCRemoteSwiftPackageReference section */

/* Begin XCSwiftPackageProductDependency section */
		945D83282A9C8A3F007DAB75 /* SnapKit */ = {
			isa = XCSwiftPackageProductDependency;
			package = 945D83272A9C8A3F007DAB75 /* XCRemoteSwiftPackageReference "SnapKit" */;
			productName = SnapKit;
		};
		94988E052AD41BAF0012E783 /* GoogleMobileAds */ = {
			isa = XCSwiftPackageProductDependency;
			package = 94988E042AD41BAF0012E783 /* XCRemoteSwiftPackageReference "swift-package-manager-google-mobile-ads" */;
			productName = GoogleMobileAds;
		};
/* End XCSwiftPackageProductDependency section */
	};
	rootObject = 945D82FC2A9C8323007DAB75 /* Project object */;
}
